
Microsoft Visual Studio Solution File, Format Version 12.00
# Visual Studio 14
VisualStudioVersion = 14.0.25123.0
MinimumVisualStudioVersion = 10.0.40219.1
Project("{FAE04EC0-301F-11D3-BF4B-00C04F79EFBC}") = "WeddingsPlanner.Models", "WeddingsPlanner.Models\WeddingsPlanner.Models.csproj", "{2229CA8F-0B93-47DF-BDBE-513D8F810320}"
EndProject
Project("{FAE04EC0-301F-11D3-BF4B-00C04F79EFBC}") = "WeddingsPlanner.Data", "WeddingsPlanner.Data\WeddingsPlanner.Data.csproj", "{8745E2CE-511C-4765-B171-6DFBBD9A292A}"
EndProject
Project("{FAE04EC0-301F-11D3-BF4B-00C04F79EFBC}") = "01.ImportJSON", "01.ImportJSON\01.ImportJSON.csproj", "{10A68990-A39D-462A-AEC0-B65B902586A6}"
EndProject
Project("{FAE04EC0-301F-11D3-BF4B-00C04F79EFBC}") = "02.ImportXML", "02.ImportXML\02.ImportXML.csproj", "{F57868E4-E8D0-4DE0-B628-D38F450A811F}"
EndProject
Project("{FAE04EC0-301F-11D3-BF4B-00C04F79EFBC}") = "03.ExportJSON", "03.ExportJSON\03.ExportJSON.csproj", "{AF00227A-8EAE-47AC-A948-AB5F1A20A440}"
EndProject
Project("{FAE04EC0-301F-11D3-BF4B-00C04F79EFBC}") = "04.ExportXML", "04.ExportXML\04.ExportXML.csproj", "{EA368E9C-39A3-4D07-B9AB-24E05A9C31C0}"
EndProject
Project("{FAE04EC0-301F-11D3-BF4B-00C04F79EFBC}") = "WeddingsPlanner.Utilities", "WeddingsPlanner.Utilities\WeddingsPlanner.Utilities.csproj", "{C06679FB-F9E9-436E-AF42-CF8E549771EF}"
EndProject
Global
	GlobalSection(SolutionConfigurationPlatforms) = preSolution
		Debug|Any CPU = Debug|Any CPU
		Release|Any CPU = Release|Any CPU
	EndGlobalSection
	GlobalSection(ProjectConfigurationPlatforms) = postSolution
		{2229CA8F-0B93-47DF-BDBE-513D8F810320}.Debug|Any CPU.ActiveCfg = Debug|Any CPU
		{2229CA8F-0B93-47DF-BDBE-513D8F810320}.Debug|Any CPU.Build.0 = Debug|Any CPU
		{2229CA8F-0B93-47DF-BDBE-513D8F810320}.Release|Any CPU.ActiveCfg = Release|Any CPU
		{2229CA8F-0B93-47DF-BDBE-513D8F810320}.Release|Any CPU.Build.0 = Release|Any CPU
		{8745E2CE-511C-4765-B171-6DFBBD9A292A}.Debug|Any CPU.ActiveCfg = Debug|Any CPU
		{8745E2CE-511C-4765-B171-6DFBBD9A292A}.Debug|Any CPU.Build.0 = Debug|Any CPU
		{8745E2CE-511C-4765-B171-6DFBBD9A292A}.Release|Any CPU.ActiveCfg = Release|Any CPU
		{8745E2CE-511C-4765-B171-6DFBBD9A292A}.Release|Any CPU.Build.0 = Release|Any CPU
		{10A68990-A39D-462A-AEC0-B65B902586A6}.Debug|Any CPU.ActiveCfg = Debug|Any CPU
		{10A68990-A39D-462A-AEC0-B65B902586A6}.Debug|Any CPU.Build.0 = Debug|Any CPU
		{10A68990-A39D-462A-AEC0-B65B902586A6}.Release|Any CPU.ActiveCfg = Release|Any CPU
		{10A68990-A39D-462A-AEC0-B65B902586A6}.Release|Any CPU.Build.0 = Release|Any CPU
		{F57868E4-E8D0-4DE0-B628-D38F450A811F}.Debug|Any CPU.ActiveCfg = Debug|Any CPU
		{F57868E4-E8D0-4DE0-B628-D38F450A811F}.Debug|Any CPU.Build.0 = Debug|Any CPU
		{F57868E4-E8D0-4DE0-B628-D38F450A811F}.Release|Any CPU.ActiveCfg = Release|Any CPU
		{F57868E4-E8D0-4DE0-B628-D38F450A811F}.Release|Any CPU.Build.0 = Release|Any CPU
		{AF00227A-8EAE-47AC-A948-AB5F1A20A440}.Debug|Any CPU.ActiveCfg = Debug|Any CPU
		{AF00227A-8EAE-47AC-A948-AB5F1A20A440}.Debug|Any CPU.Build.0 = Debug|Any CPU
		{AF00227A-8EAE-47AC-A948-AB5F1A20A440}.Release|Any CPU.ActiveCfg = Release|Any CPU
		{AF00227A-8EAE-47AC-A948-AB5F1A20A440}.Release|Any CPU.Build.0 = Release|Any CPU
		{EA368E9C-39A3-4D07-B9AB-24E05A9C31C0}.Debug|Any CPU.ActiveCfg = Debug|Any CPU
		{EA368E9C-39A3-4D07-B9AB-24E05A9C31C0}.Debug|Any CPU.Build.0 = Debug|Any CPU
		{EA368E9C-39A3-4D07-B9AB-24E05A9C31C0}.Release|Any CPU.ActiveCfg = Release|Any CPU
		{EA368E9C-39A3-4D07-B9AB-24E05A9C31C0}.Release|Any CPU.Build.0 = Release|Any CPU
		{C06679FB-F9E9-436E-AF42-CF8E549771EF}.Debug|Any CPU.ActiveCfg = Debug|Any CPU
		{C06679FB-F9E9-436E-AF42-CF8E549771EF}.Debug|Any CPU.Build.0 = Debug|Any CPU
		{C06679FB-F9E9-436E-AF42-CF8E549771EF}.Release|Any CPU.ActiveCfg = Release|Any CPU
		{C06679FB-F9E9-436E-AF42-CF8E549771EF}.Release|Any CPU.Build.0 = Release|Any CPU
	EndGlobalSection
	GlobalSection(SolutionProperties) = preSolution
		HideSolutionNode = FALSE
	EndGlobalSection
EndGlobal
