
Microsoft Visual Studio Solution File, Format Version 12.00
# Visual Studio 14
VisualStudioVersion = 14.0.25420.1
MinimumVisualStudioVersion = 10.0.40219.1
Project("{FAE04EC0-301F-11D3-BF4B-00C04F79EFBC}") = "DataFromRelatedTables", "DataFromRelatedTables\DataFromRelatedTables.csproj", "{F5C3900D-77A6-4575-B6E4-269E96E005D2}"
EndProject
Project("{FAE04EC0-301F-11D3-BF4B-00C04F79EFBC}") = "Ads.Data", "Ads.Data\Ads.Data.csproj", "{7DBC2097-99B8-433A-961A-0D5DE2C122FD}"
EndProject
Project("{FAE04EC0-301F-11D3-BF4B-00C04F79EFBC}") = "Ads.Models", "Ads.Models\Ads.Models.csproj", "{7221C5C1-8594-454F-981B-E5854AE29D1B}"
EndProject
Project("{FAE04EC0-301F-11D3-BF4B-00C04F79EFBC}") = "SelectionPerformanceTesting", "SelectionPerformanceTesting\SelectionPerformanceTesting.csproj", "{080E36D2-9B37-4B98-B1D2-B3A459D56DCD}"
EndProject
Project("{FAE04EC0-301F-11D3-BF4B-00C04F79EFBC}") = "PlayWithToList", "PlayWithToList\PlayWithToList.csproj", "{9775BE31-8F5F-4741-8386-E2D5268BB495}"
EndProject
Project("{FAE04EC0-301F-11D3-BF4B-00C04F79EFBC}") = "PerformanceOfOrderBy", "PerformanceOfOrderBy\PerformanceOfOrderBy.csproj", "{BA3C298B-99E3-4B6D-804D-625408A87DF2}"
EndProject
Project("{FAE04EC0-301F-11D3-BF4B-00C04F79EFBC}") = "Softuni.Data", "Softuni.Data\Softuni.Data.csproj", "{BE044129-564A-43A8-8FCE-19AA63A47E6A}"
EndProject
Project("{FAE04EC0-301F-11D3-BF4B-00C04F79EFBC}") = "Softuni.Models", "Softuni.Models\Softuni.Models.csproj", "{50A23280-1471-46FD-A199-094920D8F215}"
EndProject
Global
	GlobalSection(SolutionConfigurationPlatforms) = preSolution
		Debug|Any CPU = Debug|Any CPU
		Release|Any CPU = Release|Any CPU
	EndGlobalSection
	GlobalSection(ProjectConfigurationPlatforms) = postSolution
		{F5C3900D-77A6-4575-B6E4-269E96E005D2}.Debug|Any CPU.ActiveCfg = Debug|Any CPU
		{F5C3900D-77A6-4575-B6E4-269E96E005D2}.Debug|Any CPU.Build.0 = Debug|Any CPU
		{F5C3900D-77A6-4575-B6E4-269E96E005D2}.Release|Any CPU.ActiveCfg = Release|Any CPU
		{F5C3900D-77A6-4575-B6E4-269E96E005D2}.Release|Any CPU.Build.0 = Release|Any CPU
		{7DBC2097-99B8-433A-961A-0D5DE2C122FD}.Debug|Any CPU.ActiveCfg = Debug|Any CPU
		{7DBC2097-99B8-433A-961A-0D5DE2C122FD}.Debug|Any CPU.Build.0 = Debug|Any CPU
		{7DBC2097-99B8-433A-961A-0D5DE2C122FD}.Release|Any CPU.ActiveCfg = Release|Any CPU
		{7DBC2097-99B8-433A-961A-0D5DE2C122FD}.Release|Any CPU.Build.0 = Release|Any CPU
		{7221C5C1-8594-454F-981B-E5854AE29D1B}.Debug|Any CPU.ActiveCfg = Debug|Any CPU
		{7221C5C1-8594-454F-981B-E5854AE29D1B}.Debug|Any CPU.Build.0 = Debug|Any CPU
		{7221C5C1-8594-454F-981B-E5854AE29D1B}.Release|Any CPU.ActiveCfg = Release|Any CPU
		{7221C5C1-8594-454F-981B-E5854AE29D1B}.Release|Any CPU.Build.0 = Release|Any CPU
		{080E36D2-9B37-4B98-B1D2-B3A459D56DCD}.Debug|Any CPU.ActiveCfg = Debug|Any CPU
		{080E36D2-9B37-4B98-B1D2-B3A459D56DCD}.Debug|Any CPU.Build.0 = Debug|Any CPU
		{080E36D2-9B37-4B98-B1D2-B3A459D56DCD}.Release|Any CPU.ActiveCfg = Release|Any CPU
		{080E36D2-9B37-4B98-B1D2-B3A459D56DCD}.Release|Any CPU.Build.0 = Release|Any CPU
		{9775BE31-8F5F-4741-8386-E2D5268BB495}.Debug|Any CPU.ActiveCfg = Debug|Any CPU
		{9775BE31-8F5F-4741-8386-E2D5268BB495}.Debug|Any CPU.Build.0 = Debug|Any CPU
		{9775BE31-8F5F-4741-8386-E2D5268BB495}.Release|Any CPU.ActiveCfg = Release|Any CPU
		{9775BE31-8F5F-4741-8386-E2D5268BB495}.Release|Any CPU.Build.0 = Release|Any CPU
		{BA3C298B-99E3-4B6D-804D-625408A87DF2}.Debug|Any CPU.ActiveCfg = Debug|Any CPU
		{BA3C298B-99E3-4B6D-804D-625408A87DF2}.Debug|Any CPU.Build.0 = Debug|Any CPU
		{BA3C298B-99E3-4B6D-804D-625408A87DF2}.Release|Any CPU.ActiveCfg = Release|Any CPU
		{BA3C298B-99E3-4B6D-804D-625408A87DF2}.Release|Any CPU.Build.0 = Release|Any CPU
		{BE044129-564A-43A8-8FCE-19AA63A47E6A}.Debug|Any CPU.ActiveCfg = Debug|Any CPU
		{BE044129-564A-43A8-8FCE-19AA63A47E6A}.Debug|Any CPU.Build.0 = Debug|Any CPU
		{BE044129-564A-43A8-8FCE-19AA63A47E6A}.Release|Any CPU.ActiveCfg = Release|Any CPU
		{BE044129-564A-43A8-8FCE-19AA63A47E6A}.Release|Any CPU.Build.0 = Release|Any CPU
		{50A23280-1471-46FD-A199-094920D8F215}.Debug|Any CPU.ActiveCfg = Debug|Any CPU
		{50A23280-1471-46FD-A199-094920D8F215}.Debug|Any CPU.Build.0 = Debug|Any CPU
		{50A23280-1471-46FD-A199-094920D8F215}.Release|Any CPU.ActiveCfg = Release|Any CPU
		{50A23280-1471-46FD-A199-094920D8F215}.Release|Any CPU.Build.0 = Release|Any CPU
	EndGlobalSection
	GlobalSection(SolutionProperties) = preSolution
		HideSolutionNode = FALSE
	EndGlobalSection
EndGlobal
