
Microsoft Visual Studio Solution File, Format Version 12.00
# Visual Studio 14
VisualStudioVersion = 14.0.25420.1
MinimumVisualStudioVersion = 10.0.40219.1
Project("{FAE04EC0-301F-11D3-BF4B-00C04F79EFBC}") = "ProductsShop.Client", "ProductsShop.Client\ProductsShop.Client.csproj", "{79515D32-1BBC-4256-B0E7-9B145F3D4AA1}"
EndProject
Project("{FAE04EC0-301F-11D3-BF4B-00C04F79EFBC}") = "ProductsShop.Data", "ProductsShop.Data\ProductsShop.Data.csproj", "{26C71138-C90A-42E5-B2FF-66DFE923AA25}"
EndProject
Project("{FAE04EC0-301F-11D3-BF4B-00C04F79EFBC}") = "ProductsShop.Model", "ProductsShop.Model\ProductsShop.Model.csproj", "{A4C54CB8-C066-4C38-BA2C-C6441CD9805B}"
EndProject
Global
	GlobalSection(SolutionConfigurationPlatforms) = preSolution
		Debug|Any CPU = Debug|Any CPU
		Release|Any CPU = Release|Any CPU
	EndGlobalSection
	GlobalSection(ProjectConfigurationPlatforms) = postSolution
		{79515D32-1BBC-4256-B0E7-9B145F3D4AA1}.Debug|Any CPU.ActiveCfg = Debug|Any CPU
		{79515D32-1BBC-4256-B0E7-9B145F3D4AA1}.Debug|Any CPU.Build.0 = Debug|Any CPU
		{79515D32-1BBC-4256-B0E7-9B145F3D4AA1}.Release|Any CPU.ActiveCfg = Release|Any CPU
		{79515D32-1BBC-4256-B0E7-9B145F3D4AA1}.Release|Any CPU.Build.0 = Release|Any CPU
		{26C71138-C90A-42E5-B2FF-66DFE923AA25}.Debug|Any CPU.ActiveCfg = Debug|Any CPU
		{26C71138-C90A-42E5-B2FF-66DFE923AA25}.Debug|Any CPU.Build.0 = Debug|Any CPU
		{26C71138-C90A-42E5-B2FF-66DFE923AA25}.Release|Any CPU.ActiveCfg = Release|Any CPU
		{26C71138-C90A-42E5-B2FF-66DFE923AA25}.Release|Any CPU.Build.0 = Release|Any CPU
		{A4C54CB8-C066-4C38-BA2C-C6441CD9805B}.Debug|Any CPU.ActiveCfg = Debug|Any CPU
		{A4C54CB8-C066-4C38-BA2C-C6441CD9805B}.Debug|Any CPU.Build.0 = Debug|Any CPU
		{A4C54CB8-C066-4C38-BA2C-C6441CD9805B}.Release|Any CPU.ActiveCfg = Release|Any CPU
		{A4C54CB8-C066-4C38-BA2C-C6441CD9805B}.Release|Any CPU.Build.0 = Release|Any CPU
	EndGlobalSection
	GlobalSection(SolutionProperties) = preSolution
		HideSolutionNode = FALSE
	EndGlobalSection
EndGlobal
